dependencies:
- name: lakefs
  repository: https://charts.lakefs.io
  version: 1.2.8
- name: postgresql
  repository: oci://registry-1.docker.io/bitnamicharts
  version: 13.2.28
digest: sha256:179540a0a56c43633c1e407ba2d7fc2300f8d2553c9640ac931d53bb10e1869e
generated: "2025-01-16T12:47:39.456653425-05:00"
