dependencies:
- name: lakefs
  repository: https://charts.lakefs.io
  version: 1.9.1
- name: postgresql
  repository: oci://registry-1.docker.io/bitnamicharts
  version: 16.7.21
- name: lakefs-acl
  repository: oci://ghcr.io/frink-okn/charts
  version: 1.0.1
digest: sha256:62a233c0a325d0bce625a4bfa4aa0ad1f00f5ebe19ae6b59c704fbf9e826e257
generated: "2026-04-28T13:27:18.635301765-04:00"
